
Microsoft Visual Studio Solution File, Format Version 12.00
# Visual Studio Version 17
VisualStudioVersion = 17.6.33712.159
MinimumVisualStudioVersion = 10.0.40219.1
Project("{FAE04EC0-301F-11D3-BF4B-00C04F79EFBC}") = "MatchGame", "MatchGame\MatchGame.csproj", "{87F0CBD7-31E5-47E6-B42D-156543787064}"
EndProject
Global
	GlobalSection(SolutionConfigurationPlatforms) = preSolution
		Debug|Any CPU = Debug|Any CPU
		Release|Any CPU = Release|Any CPU
	EndGlobalSection
	GlobalSection(ProjectConfigurationPlatforms) = postSolution
		{87F0CBD7-31E5-47E6-B42D-156543787064}.Debug|Any CPU.ActiveCfg = Debug|Any CPU
		{87F0CBD7-31E5-47E6-B42D-156543787064}.Debug|Any CPU.Build.0 = Debug|Any CPU
		{87F0CBD7-31E5-47E6-B42D-156543787064}.Release|Any CPU.ActiveCfg = Release|Any CPU
		{87F0CBD7-31E5-47E6-B42D-156543787064}.Release|Any CPU.Build.0 = Release|Any CPU
	EndGlobalSection
	GlobalSection(SolutionProperties) = preSolution
		HideSolutionNode = FALSE
	EndGlobalSection
	GlobalSection(ExtensibilityGlobals) = postSolution
		SolutionGuid = {DEF293C1-2FBA-4AF2-BEF8-E5C1C33A94A0}
	EndGlobalSection
EndGlobal
